// !$*UTF8*$!
{
	archiveVersion = 1;
	classes = {
	};
	objectVersion = 48;
	objects = {

/* Begin PBXBuildFile section */
		42E4E6A19BA7EC0339550F03 /* Pods_Smack.framework in Frameworks */ = {isa = PBXBuildFile; fileRef = CD0B8F17E60FEEC541796E1E /* Pods_Smack.framework */; };
		CE36AA691F6061770007B423 /* ChatVC.swift in Sources */ = {isa = PBXBuildFile; fileRef = CE36AA681F6061770007B423 /* ChatVC.swift */; };
		CE36AA6B1F60618A0007B423 /* ChannelVC.swift in Sources */ = {isa = PBXBuildFile; fileRef = CE36AA6A1F60618A0007B423 /* ChannelVC.swift */; };
		CE40D5CC1F63179100245D4F /* Constants.swift in Sources */ = {isa = PBXBuildFile; fileRef = CE40D5CB1F63179100245D4F /* Constants.swift */; };
		CE40D5CE1F632C0900245D4F /* LoginVC.swift in Sources */ = {isa = PBXBuildFile; fileRef = CE40D5CD1F632C0900245D4F /* LoginVC.swift */; };
		CE40D5D01F63487200245D4F /* CreateAccountVC.swift in Sources */ = {isa = PBXBuildFile; fileRef = CE40D5CF1F63487200245D4F /* CreateAccountVC.swift */; };
		CE6927581F5F8A1400D0A7AE /* AppDelegate.swift in Sources */ = {isa = PBXBuildFile; fileRef = CE6927571F5F8A1400D0A7AE /* AppDelegate.swift */; };
		CE69275D1F5F8A1400D0A7AE /* Main.storyboard in Resources */ = {isa = PBXBuildFile; fileRef = CE69275B1F5F8A1400D0A7AE /* Main.storyboard */; };
		CE69275F1F5F8A1400D0A7AE /* Assets.xcassets in Resources */ = {isa = PBXBuildFile; fileRef = CE69275E1F5F8A1400D0A7AE /* Assets.xcassets */; };
		CE6927621F5F8A1400D0A7AE /* LaunchScreen.storyboard in Resources */ = {isa = PBXBuildFile; fileRef = CE6927601F5F8A1400D0A7AE /* LaunchScreen.storyboard */; };
		CEC216CD1F97D8D900EFC454 /* RoundedButton.swift in Sources */ = {isa = PBXBuildFile; fileRef = CEC216CC1F97D8D900EFC454 /* RoundedButton.swift */; };
		CEC216CF1F980E9C00EFC454 /* UserDataService.swift in Sources */ = {isa = PBXBuildFile; fileRef = CEC216CE1F980E9C00EFC454 /* UserDataService.swift */; };
		CEC7DB291F67403E00375F50 /* AuthService.swift in Sources */ = {isa = PBXBuildFile; fileRef = CEC7DB281F67403E00375F50 /* AuthService.swift */; };
		CEE131C81F607ECD00D9F560 /* SWRevealViewController.m in Sources */ = {isa = PBXBuildFile; fileRef = CE794FCD1F5F90C800EB829E /* SWRevealViewController.m */; };
		CEE131CA1F6083CB00D9F560 /* GradientView.swift in Sources */ = {isa = PBXBuildFile; fileRef = CEE131C91F6083CB00D9F560 /* GradientView.swift */; };
/* End PBXBuildFile section */

/* Begin PBXFileReference section */
		0DDEEA645394A9B23FDD6D84 /* Pods-Smack.release.xcconfig */ = {isa = PBXFileReference; includeInIndex = 1; lastKnownFileType = text.xcconfig; name = "Pods-Smack.release.xcconfig"; path = "Pods/Target Support Files/Pods-Smack/Pods-Smack.release.xcconfig"; sourceTree = "<group>"; };
		2BA7C4BCE6F157F3722A9748 /* Pods-Smack.debug.xcconfig */ = {isa = PBXFileReference; includeInIndex = 1; lastKnownFileType = text.xcconfig; name = "Pods-Smack.debug.xcconfig"; path = "Pods/Target Support Files/Pods-Smack/Pods-Smack.debug.xcconfig"; sourceTree = "<group>"; };
		CD0B8F17E60FEEC541796E1E /* Pods_Smack.framework */ = {isa = PBXFileReference; explicitFileType = wrapper.framework; includeInIndex = 0; path = Pods_Smack.framework; sourceTree = BUILT_PRODUCTS_DIR; };
		CE36AA681F6061770007B423 /* ChatVC.swift */ = {isa = PBXFileReference; lastKnownFileType = sourcecode.swift; path = ChatVC.swift; sourceTree = "<group>"; };
		CE36AA6A1F60618A0007B423 /* ChannelVC.swift */ = {isa = PBXFileReference; lastKnownFileType = sourcecode.swift; path = ChannelVC.swift; sourceTree = "<group>"; };
		CE40D5CB1F63179100245D4F /* Constants.swift */ = {isa = PBXFileReference; lastKnownFileType = sourcecode.swift; path = Constants.swift; sourceTree = "<group>"; };
		CE40D5CD1F632C0900245D4F /* LoginVC.swift */ = {isa = PBXFileReference; lastKnownFileType = sourcecode.swift; path = LoginVC.swift; sourceTree = "<group>"; };
		CE40D5CF1F63487200245D4F /* CreateAccountVC.swift */ = {isa = PBXFileReference; lastKnownFileType = sourcecode.swift; path = CreateAccountVC.swift; sourceTree = "<group>"; };
		CE6927541F5F8A1400D0A7AE /* Smack.app */ = {isa = PBXFileReference; explicitFileType = wrapper.application; includeInIndex = 0; path = Smack.app; sourceTree = BUILT_PRODUCTS_DIR; };
		CE6927571F5F8A1400D0A7AE /* AppDelegate.swift */ = {isa = PBXFileReference; lastKnownFileType = sourcecode.swift; path = AppDelegate.swift; sourceTree = "<group>"; };
		CE69275C1F5F8A1400D0A7AE /* Base */ = {isa = PBXFileReference; lastKnownFileType = file.storyboard; name = Base; path = Base.lproj/Main.storyboard; sourceTree = "<group>"; };
		CE69275E1F5F8A1400D0A7AE /* Assets.xcassets */ = {isa = PBXFileReference; lastKnownFileType = folder.assetcatalog; path = Assets.xcassets; sourceTree = "<group>"; };
		CE6927611F5F8A1400D0A7AE /* Base */ = {isa = PBXFileReference; lastKnownFileType = file.storyboard; name = Base; path = Base.lproj/LaunchScreen.storyboard; sourceTree = "<group>"; };
		CE6927631F5F8A1400D0A7AE /* Info.plist */ = {isa = PBXFileReference; lastKnownFileType = text.plist.xml; path = Info.plist; sourceTree = "<group>"; };
		CE794FCC1F5F90C700EB829E /* Smack-Bridging-Header.h */ = {isa = PBXFileReference; lastKnownFileType = sourcecode.c.h; path = "Smack-Bridging-Header.h"; sourceTree = "<group>"; };
		CE794FCD1F5F90C800EB829E /* SWRevealViewController.m */ = {isa = PBXFileReference; lastKnownFileType = sourcecode.c.objc; path = SWRevealViewController.m; sourceTree = "<group>"; };
		CE794FCE1F5F90C800EB829E /* SWRevealViewController.h */ = {isa = PBXFileReference; lastKnownFileType = sourcecode.c.h; path = SWRevealViewController.h; sourceTree = "<group>"; };
		CEC216CC1F97D8D900EFC454 /* RoundedButton.swift */ = {isa = PBXFileReference; lastKnownFileType = sourcecode.swift; path = RoundedButton.swift; sourceTree = "<group>"; };
		CEC216CE1F980E9C00EFC454 /* UserDataService.swift */ = {isa = PBXFileReference; lastKnownFileType = sourcecode.swift; path = UserDataService.swift; sourceTree = "<group>"; };
		CEC7DB281F67403E00375F50 /* AuthService.swift */ = {isa = PBXFileReference; lastKnownFileType = sourcecode.swift; path = AuthService.swift; sourceTree = "<group>"; };
		CEE131C91F6083CB00D9F560 /* GradientView.swift */ = {isa = PBXFileReference; lastKnownFileType = sourcecode.swift; path = GradientView.swift; sourceTree = "<group>"; };
/* End PBXFileReference section */

/* Begin PBXFrameworksBuildPhase section */
		CE6927511F5F8A1400D0A7AE /* Frameworks */ = {
			isa = PBXFrameworksBuildPhase;
			buildActionMask = 2147483647;
			files = (
				42E4E6A19BA7EC0339550F03 /* Pods_Smack.framework in Frameworks */,
			);
			runOnlyForDeploymentPostprocessing = 0;
		};
/* End PBXFrameworksBuildPhase section */

/* Begin PBXGroup section */
		43BB5DE45D50084D4F049971 /* Pods */ = {
			isa = PBXGroup;
			children = (
				2BA7C4BCE6F157F3722A9748 /* Pods-Smack.debug.xcconfig */,
				0DDEEA645394A9B23FDD6D84 /* Pods-Smack.release.xcconfig */,
			);
			name = Pods;
			sourceTree = "<group>";
		};
		CE36AA651F6061310007B423 /* Controller */ = {
			isa = PBXGroup;
			children = (
				CE36AA681F6061770007B423 /* ChatVC.swift */,
				CE36AA6A1F60618A0007B423 /* ChannelVC.swift */,
				CE40D5CD1F632C0900245D4F /* LoginVC.swift */,
				CE40D5CF1F63487200245D4F /* CreateAccountVC.swift */,
			);
			path = Controller;
			sourceTree = "<group>";
		};
		CE36AA661F6061410007B423 /* View */ = {
			isa = PBXGroup;
			children = (
				CEE131C91F6083CB00D9F560 /* GradientView.swift */,
				CEC216CC1F97D8D900EFC454 /* RoundedButton.swift */,
			);
			path = View;
			sourceTree = "<group>";
		};
		CE36AA671F6061450007B423 /* Model */ = {
			isa = PBXGroup;
			children = (
			);
			path = Model;
			sourceTree = "<group>";
		};
		CE40D5CA1F63177900245D4F /* Utilites */ = {
			isa = PBXGroup;
			children = (
				CE40D5CB1F63179100245D4F /* Constants.swift */,
			);
			path = Utilites;
			sourceTree = "<group>";
		};
		CE69274B1F5F8A1400D0A7AE = {
			isa = PBXGroup;
			children = (
				CE6927561F5F8A1400D0A7AE /* Smack */,
				CE6927551F5F8A1400D0A7AE /* Products */,
				43BB5DE45D50084D4F049971 /* Pods */,
				EBAA700553C505D41C15E54A /* Frameworks */,
			);
			sourceTree = "<group>";
		};
		CE6927551F5F8A1400D0A7AE /* Products */ = {
			isa = PBXGroup;
			children = (
				CE6927541F5F8A1400D0A7AE /* Smack.app */,
			);
			name = Products;
			sourceTree = "<group>";
		};
		CE6927561F5F8A1400D0A7AE /* Smack */ = {
			isa = PBXGroup;
			children = (
				CEC7DB271F67402200375F50 /* Services */,
				CE40D5CA1F63177900245D4F /* Utilites */,
				CE36AA671F6061450007B423 /* Model */,
				CE36AA661F6061410007B423 /* View */,
				CE36AA651F6061310007B423 /* Controller */,
				CE6927571F5F8A1400D0A7AE /* AppDelegate.swift */,
				CE69275B1F5F8A1400D0A7AE /* Main.storyboard */,
				CE69275E1F5F8A1400D0A7AE /* Assets.xcassets */,
				CE794FCB1F5F902800EB829E /* Supporting Files  */,
				CE6927601F5F8A1400D0A7AE /* LaunchScreen.storyboard */,
				CE6927631F5F8A1400D0A7AE /* Info.plist */,
			);
			path = Smack;
			sourceTree = "<group>";
		};
		CE794FCB1F5F902800EB829E /* Supporting Files  */ = {
			isa = PBXGroup;
			children = (
				CE794FCE1F5F90C800EB829E /* SWRevealViewController.h */,
				CE794FCD1F5F90C800EB829E /* SWRevealViewController.m */,
				CE794FCC1F5F90C700EB829E /* Smack-Bridging-Header.h */,
			);
			path = "Supporting Files ";
			sourceTree = "<group>";
		};
		CEC7DB271F67402200375F50 /* Services */ = {
			isa = PBXGroup;
			children = (
				CEC7DB281F67403E00375F50 /* AuthService.swift */,
				CEC216CE1F980E9C00EFC454 /* UserDataService.swift */,
			);
			path = Services;
			sourceTree = "<group>";
		};
		EBAA700553C505D41C15E54A /* Frameworks */ = {
			isa = PBXGroup;
			children = (
				CD0B8F17E60FEEC541796E1E /* Pods_Smack.framework */,
			);
			name = Frameworks;
			sourceTree = "<group>";
		};
/* End PBXGroup section */

/* Begin PBXNativeTarget section */
		CE6927531F5F8A1400D0A7AE /* Smack */ = {
			isa = PBXNativeTarget;
			buildConfigurationList = CE6927661F5F8A1400D0A7AE /* Build configuration list for PBXNativeTarget "Smack" */;
			buildPhases = (
				A7AED0177A129413A3A20474 /* [CP] Check Pods Manifest.lock */,
				CE6927501F5F8A1400D0A7AE /* Sources */,
				CE6927511F5F8A1400D0A7AE /* Frameworks */,
				CE6927521F5F8A1400D0A7AE /* Resources */,
				7181FAA176C31BAAE9823775 /* [CP] Embed Pods Frameworks */,
				4944511DECD93CA03AC217B1 /* [CP] Copy Pods Resources */,
			);
			buildRules = (
			);
			dependencies = (
			);
			name = Smack;
			productName = Smack;
			productReference = CE6927541F5F8A1400D0A7AE /* Smack.app */;
			productType = "com.apple.product-type.application";
		};
/* End PBXNativeTarget section */

/* Begin PBXProject section */
		CE69274C1F5F8A1400D0A7AE /* Project object */ = {
			isa = PBXProject;
			attributes = {
				LastSwiftUpdateCheck = 0900;
				LastUpgradeCheck = 0900;
				ORGANIZATIONNAME = Andrew;
				TargetAttributes = {
					CE6927531F5F8A1400D0A7AE = {
						CreatedOnToolsVersion = 9.0;
						LastSwiftMigration = 0900;
						ProvisioningStyle = Automatic;
					};
				};
			};
			buildConfigurationList = CE69274F1F5F8A1400D0A7AE /* Build configuration list for PBXProject "Smack" */;
			compatibilityVersion = "Xcode 8.0";
			developmentRegion = en;
			hasScannedForEncodings = 0;
			knownRegions = (
				en,
				Base,
			);
			mainGroup = CE69274B1F5F8A1400D0A7AE;
			productRefGroup = CE6927551F5F8A1400D0A7AE /* Products */;
			projectDirPath = "";
			projectRoot = "";
			targets = (
				CE6927531F5F8A1400D0A7AE /* Smack */,
			);
		};
/* End PBXProject section */

/* Begin PBXResourcesBuildPhase section */
		CE6927521F5F8A1400D0A7AE /* Resources */ = {
			isa = PBXResourcesBuildPhase;
			buildActionMask = 2147483647;
			files = (
				CE6927621F5F8A1400D0A7AE /* LaunchScreen.storyboard in Resources */,
				CE69275F1F5F8A1400D0A7AE /* Assets.xcassets in Resources */,
				CE69275D1F5F8A1400D0A7AE /* Main.storyboard in Resources */,
			);
			runOnlyForDeploymentPostprocessing = 0;
		};
/* End PBXResourcesBuildPhase section */

/* Begin PBXShellScriptBuildPhase section */
		4944511DECD93CA03AC217B1 /* [CP] Copy Pods Resources */ = {
			isa = PBXShellScriptBuildPhase;
			buildActionMask = 2147483647;
			files = (
			);
			inputPaths = (
			);
			name = "[CP] Copy Pods Resources";
			outputPaths = (
			);
			runOnlyForDeploymentPostprocessing = 0;
			shellPath = /bin/sh;
			shellScript = "\"${SRCROOT}/Pods/Target Support Files/Pods-Smack/Pods-Smack-resources.sh\"\n";
			showEnvVarsInLog = 0;
		};
		7181FAA176C31BAAE9823775 /* [CP] Embed Pods Frameworks */ = {
			isa = PBXShellScriptBuildPhase;
			buildActionMask = 2147483647;
			files = (
			);
			inputPaths = (
			);
			name = "[CP] Embed Pods Frameworks";
			outputPaths = (
			);
			runOnlyForDeploymentPostprocessing = 0;
			shellPath = /bin/sh;
			shellScript = "\"${SRCROOT}/Pods/Target Support Files/Pods-Smack/Pods-Smack-frameworks.sh\"\n";
			showEnvVarsInLog = 0;
		};
		A7AED0177A129413A3A20474 /* [CP] Check Pods Manifest.lock */ = {
			isa = PBXShellScriptBuildPhase;
			buildActionMask = 2147483647;
			files = (
			);
			inputPaths = (
			);
			name = "[CP] Check Pods Manifest.lock";
			outputPaths = (
			);
			runOnlyForDeploymentPostprocessing = 0;
			shellPath = /bin/sh;
			shellScript = "diff \"${PODS_PODFILE_DIR_PATH}/Podfile.lock\" \"${PODS_ROOT}/Manifest.lock\" > /dev/null\nif [ $? != 0 ] ; then\n    # print error to STDERR\n    echo \"error: The sandbox is not in sync with the Podfile.lock. Run 'pod install' or update your CocoaPods installation.\" >&2\n    exit 1\nfi\n";
			showEnvVarsInLog = 0;
		};
/* End PBXShellScriptBuildPhase section */

/* Begin PBXSourcesBuildPhase section */
		CE6927501F5F8A1400D0A7AE /* Sources */ = {
			isa = PBXSourcesBuildPhase;
			buildActionMask = 2147483647;
			files = (
				CE36AA691F6061770007B423 /* ChatVC.swift in Sources */,
				CEC216CD1F97D8D900EFC454 /* RoundedButton.swift in Sources */,
				CE36AA6B1F60618A0007B423 /* ChannelVC.swift in Sources */,
				CEC216CF1F980E9C00EFC454 /* UserDataService.swift in Sources */,
				CE40D5D01F63487200245D4F /* CreateAccountVC.swift in Sources */,
				CEC7DB291F67403E00375F50 /* AuthService.swift in Sources */,
				CE40D5CE1F632C0900245D4F /* LoginVC.swift in Sources */,
				CEE131CA1F6083CB00D9F560 /* GradientView.swift in Sources */,
				CE6927581F5F8A1400D0A7AE /* AppDelegate.swift in Sources */,
				CEE131C81F607ECD00D9F560 /* SWRevealViewController.m in Sources */,
				CE40D5CC1F63179100245D4F /* Constants.swift in Sources */,
			);
			runOnlyForDeploymentPostprocessing = 0;
		};
/* End PBXSourcesBuildPhase section */

/* Begin PBXVariantGroup section */
		CE69275B1F5F8A1400D0A7AE /* Main.storyboard */ = {
			isa = PBXVariantGroup;
			children = (
				CE69275C1F5F8A1400D0A7AE /* Base */,
			);
			name = Main.storyboard;
			sourceTree = "<group>";
		};
		CE6927601F5F8A1400D0A7AE /* LaunchScreen.storyboard */ = {
			isa = PBXVariantGroup;
			children = (
				CE6927611F5F8A1400D0A7AE /* Base */,
			);
			name = LaunchScreen.storyboard;
			sourceTree = "<group>";
		};
/* End PBXVariantGroup section */

/* Begin XCBuildConfiguration section */
		CE6927641F5F8A1400D0A7AE /* Debug */ = {
			isa = XCBuildConfiguration;
			buildSettings = {
				ALWAYS_SEARCH_USER_PATHS = NO;
				CLANG_ANALYZER_NONNULL = YES;
				CLANG_ANALYZER_NUMBER_OBJECT_CONVERSION = YES_AGGRESSIVE;
				CLANG_CXX_LANGUAGE_STANDARD = "gnu++14";
				CLANG_CXX_LIBRARY = "libc++";
				CLANG_ENABLE_MODULES = YES;
				CLANG_ENABLE_OBJC_ARC = YES;
				CLANG_WARN_BLOCK_CAPTURE_AUTORELEASING = YES;
				CLANG_WARN_BOOL_CONVERSION = YES;
				CLANG_WARN_COMMA = YES;
				CLANG_WARN_CONSTANT_CONVERSION = YES;
				CLANG_WARN_DIRECT_OBJC_ISA_USAGE = YES_ERROR;
				CLANG_WARN_DOCUMENTATION_COMMENTS = YES;
				CLANG_WARN_EMPTY_BODY = YES;
				CLANG_WARN_ENUM_CONVERSION = YES;
				CLANG_WARN_INFINITE_RECURSION = YES;
				CLANG_WARN_INT_CONVERSION = YES;
				CLANG_WARN_NON_LITERAL_NULL_CONVERSION = YES;
				CLANG_WARN_OBJC_LITERAL_CONVERSION = YES;
				CLANG_WARN_OBJC_ROOT_CLASS = YES_ERROR;
				CLANG_WARN_RANGE_LOOP_ANALYSIS = YES;
				CLANG_WARN_STRICT_PROTOTYPES = YES;
				CLANG_WARN_SUSPICIOUS_MOVE = YES;
				CLANG_WARN_UNGUARDED_AVAILABILITY = YES_AGGRESSIVE;
				CLANG_WARN_UNREACHABLE_CODE = YES;
				CLANG_WARN__DUPLICATE_METHOD_MATCH = YES;
				CODE_SIGN_IDENTITY = "iPhone Developer";
				COPY_PHASE_STRIP = NO;
				DEBUG_INFORMATION_FORMAT = dwarf;
				ENABLE_STRICT_OBJC_MSGSEND = YES;
				ENABLE_TESTABILITY = YES;
				GCC_C_LANGUAGE_STANDARD = gnu11;
				GCC_DYNAMIC_NO_PIC = NO;
				GCC_NO_COMMON_BLOCKS = YES;
				GCC_OPTIMIZATION_LEVEL = 0;
				GCC_PREPROCESSOR_DEFINITIONS = (
					"DEBUG=1",
					"$(inherited)",
				);
				GCC_WARN_64_TO_32_BIT_CONVERSION = YES;
				GCC_WARN_ABOUT_RETURN_TYPE = YES_ERROR;
				GCC_WARN_UNDECLARED_SELECTOR = YES;
				GCC_WARN_UNINITIALIZED_AUTOS = YES_AGGRESSIVE;
				GCC_WARN_UNUSED_FUNCTION = YES;
				GCC_WARN_UNUSED_VARIABLE = YES;
				IPHONEOS_DEPLOYMENT_TARGET = 11.0;
				MTL_ENABLE_DEBUG_INFO = YES;
				ONLY_ACTIVE_ARCH = YES;
				SDKROOT = iphoneos;
				SWIFT_ACTIVE_COMPILATION_CONDITIONS = DEBUG;
				SWIFT_OPTIMIZATION_LEVEL = "-Onone";
			};
			name = Debug;
		};
		CE6927651F5F8A1400D0A7AE /* Release */ = {
			isa = XCBuildConfiguration;
			buildSettings = {
				ALWAYS_SEARCH_USER_PATHS = NO;
				CLANG_ANALYZER_NONNULL = YES;
				CLANG_ANALYZER_NUMBER_OBJECT_CONVERSION = YES_AGGRESSIVE;
				CLANG_CXX_LANGUAGE_STANDARD = "gnu++14";
				CLANG_CXX_LIBRARY = "libc++";
				CLANG_ENABLE_MODULES = YES;
				CLANG_ENABLE_OBJC_ARC = YES;
				CLANG_WARN_BLOCK_CAPTURE_AUTORELEASING = YES;
				CLANG_WARN_BOOL_CONVERSION = YES;
				CLANG_WARN_COMMA = YES;
				CLANG_WARN_CONSTANT_CONVERSION = YES;
				CLANG_WARN_DIRECT_OBJC_ISA_USAGE = YES_ERROR;
				CLANG_WARN_DOCUMENTATION_COMMENTS = YES;
				CLANG_WARN_EMPTY_BODY = YES;
				CLANG_WARN_ENUM_CONVERSION = YES;
				CLANG_WARN_INFINITE_RECURSION = YES;
				CLANG_WARN_INT_CONVERSION = YES;
				CLANG_WARN_NON_LITERAL_NULL_CONVERSION = YES;
				CLANG_WARN_OBJC_LITERAL_CONVERSION = YES;
				CLANG_WARN_OBJC_ROOT_CLASS = YES_ERROR;
				CLANG_WARN_RANGE_LOOP_ANALYSIS = YES;
				CLANG_WARN_STRICT_PROTOTYPES = YES;
				CLANG_WARN_SUSPICIOUS_MOVE = YES;
				CLANG_WARN_UNGUARDED_AVAILABILITY = YES_AGGRESSIVE;
				CLANG_WARN_UNREACHABLE_CODE = YES;
				CLANG_WARN__DUPLICATE_METHOD_MATCH = YES;
				CODE_SIGN_IDENTITY = "iPhone Developer";
				COPY_PHASE_STRIP = NO;
				DEBUG_INFORMATION_FORMAT = "dwarf-with-dsym";
				ENABLE_NS_ASSERTIONS = NO;
				ENABLE_STRICT_OBJC_MSGSEND = YES;
				GCC_C_LANGUAGE_STANDARD = gnu11;
				GCC_NO_COMMON_BLOCKS = YES;
				GCC_WARN_64_TO_32_BIT_CONVERSION = YES;
				GCC_WARN_ABOUT_RETURN_TYPE = YES_ERROR;
				GCC_WARN_UNDECLARED_SELECTOR = YES;
				GCC_WARN_UNINITIALIZED_AUTOS = YES_AGGRESSIVE;
				GCC_WARN_UNUSED_FUNCTION = YES;
				GCC_WARN_UNUSED_VARIABLE = YES;
				IPHONEOS_DEPLOYMENT_TARGET = 11.0;
				MTL_ENABLE_DEBUG_INFO = NO;
				SDKROOT = iphoneos;
				SWIFT_OPTIMIZATION_LEVEL = "-Owholemodule";
				VALIDATE_PRODUCT = YES;
			};
			name = Release;
		};
		CE6927671F5F8A1400D0A7AE /* Debug */ = {
			isa = XCBuildConfiguration;
			baseConfigurationReference = 2BA7C4BCE6F157F3722A9748 /* Pods-Smack.debug.xcconfig */;
			buildSettings = {
				ASSETCATALOG_COMPILER_APPICON_NAME = AppIcon;
				CLANG_ENABLE_MODULES = YES;
				CODE_SIGN_STYLE = Automatic;
				DEVELOPMENT_TEAM = 5JDWB348S4;
				INFOPLIST_FILE = Smack/Info.plist;
				LD_RUNPATH_SEARCH_PATHS = "$(inherited) @executable_path/Frameworks";
				PRODUCT_BUNDLE_IDENTIFIER = com.miller.Smack;
				PRODUCT_NAME = "$(TARGET_NAME)";
				SWIFT_OBJC_BRIDGING_HEADER = "Smack/Supporting Files /Smack-Bridging-Header.h";
				SWIFT_OPTIMIZATION_LEVEL = "-Onone";
				SWIFT_VERSION = 4.0;
				TARGETED_DEVICE_FAMILY = "1,2";
			};
			name = Debug;
		};
		CE6927681F5F8A1400D0A7AE /* Release */ = {
			isa = XCBuildConfiguration;
			baseConfigurationReference = 0DDEEA645394A9B23FDD6D84 /* Pods-Smack.release.xcconfig */;
			buildSettings = {
				ASSETCATALOG_COMPILER_APPICON_NAME = AppIcon;
				CLANG_ENABLE_MODULES = YES;
				CODE_SIGN_STYLE = Automatic;
				DEVELOPMENT_TEAM = 5JDWB348S4;
				INFOPLIST_FILE = Smack/Info.plist;
				LD_RUNPATH_SEARCH_PATHS = "$(inherited) @executable_path/Frameworks";
				PRODUCT_BUNDLE_IDENTIFIER = com.miller.Smack;
				PRODUCT_NAME = "$(TARGET_NAME)";
				SWIFT_OBJC_BRIDGING_HEADER = "Smack/Supporting Files /Smack-Bridging-Header.h";
				SWIFT_VERSION = 4.0;
				TARGETED_DEVICE_FAMILY = "1,2";
			};
			name = Release;
		};
/* End XCBuildConfiguration section */

/* Begin XCConfigurationList section */
		CE69274F1F5F8A1400D0A7AE /* Build configuration list for PBXProject "Smack" */ = {
			isa = XCConfigurationList;
			buildConfigurations = (
				CE6927641F5F8A1400D0A7AE /* Debug */,
				CE6927651F5F8A1400D0A7AE /* Release */,
			);
			defaultConfigurationIsVisible = 0;
			defaultConfigurationName = Release;
		};
		CE6927661F5F8A1400D0A7AE /* Build configuration list for PBXNativeTarget "Smack" */ = {
			isa = XCConfigurationList;
			buildConfigurations = (
				CE6927671F5F8A1400D0A7AE /* Debug */,
				CE6927681F5F8A1400D0A7AE /* Release */,
			);
			defaultConfigurationIsVisible = 0;
			defaultConfigurationName = Release;
		};
/* End XCConfigurationList section */
	};
	rootObject = CE69274C1F5F8A1400D0A7AE /* Project object */;
}
